
Microsoft Visual Studio Solution File, Format Version 12.00
# Visual Studio Version 16
VisualStudioVersion = 16.0.31515.178
MinimumVisualStudioVersion = 10.0.40219.1
Project("{FAE04EC0-301F-11D3-BF4B-00C04F79EFBC}") = "WindowsFormsApp4", "WindowsFormsApp4\WindowsFormsApp4.csproj", "{EE1BB680-BC8E-4A38-844E-CF05ABBC2D0F}"
EndProject
Global
	GlobalSection(SolutionConfigurationPlatforms) = preSolution
		Debug|Any CPU = Debug|Any CPU
		Release|Any CPU = Release|Any CPU
	EndGlobalSection
	GlobalSection(ProjectConfigurationPlatforms) = postSolution
		{EE1BB680-BC8E-4A38-844E-CF05ABBC2D0F}.Debug|Any CPU.ActiveCfg = Debug|Any CPU
		{EE1BB680-BC8E-4A38-844E-CF05ABBC2D0F}.Debug|Any CPU.Build.0 = Debug|Any CPU
		{EE1BB680-BC8E-4A38-844E-CF05ABBC2D0F}.Release|Any CPU.ActiveCfg = Release|Any CPU
		{EE1BB680-BC8E-4A38-844E-CF05ABBC2D0F}.Release|Any CPU.Build.0 = Release|Any CPU
	EndGlobalSection
	GlobalSection(SolutionProperties) = preSolution
		HideSolutionNode = FALSE
	EndGlobalSection
	GlobalSection(ExtensibilityGlobals) = postSolution
		SolutionGuid = {3744F683-365D-432E-BFF7-861C4E1659C8}
	EndGlobalSection
EndGlobal
